
Microsoft Visual Studio Solution File, Format Version 12.00
# Visual Studio 15
VisualStudioVersion = 15.0.28010.2019
MinimumVisualStudioVersion = 10.0.40219.1
Project("{FAE04EC0-301F-11D3-BF4B-00C04F79EFBC}") = "Tamagotchit", "Tamagotchit\Tamagotchit.csproj", "{56B75904-5B94-46BF-B407-01DB9D201909}"
EndProject
Global
	GlobalSection(SolutionConfigurationPlatforms) = preSolution
		Debug|Any CPU = Debug|Any CPU
		Release|Any CPU = Release|Any CPU
	EndGlobalSection
	GlobalSection(ProjectConfigurationPlatforms) = postSolution
		{56B75904-5B94-46BF-B407-01DB9D201909}.Debug|Any CPU.ActiveCfg = Debug|Any CPU
		{56B75904-5B94-46BF-B407-01DB9D201909}.Debug|Any CPU.Build.0 = Debug|Any CPU
		{56B75904-5B94-46BF-B407-01DB9D201909}.Release|Any CPU.ActiveCfg = Release|Any CPU
		{56B75904-5B94-46BF-B407-01DB9D201909}.Release|Any CPU.Build.0 = Release|Any CPU
	EndGlobalSection
	GlobalSection(SolutionProperties) = preSolution
		HideSolutionNode = FALSE
	EndGlobalSection
	GlobalSection(ExtensibilityGlobals) = postSolution
		SolutionGuid = {8836ABA5-F5CC-4086-A503-9B277892A97B}
	EndGlobalSection
EndGlobal
